github.com/Skarlso/intcode v0.0.0-20191213160805-5a1eeb9ba38b h1:req/CSChO+Lhkdog4pTTDRrRU09nldCWkxIPyLc0RyI=
github.com/Skarlso/intcode v0.0.0-20191213160805-5a1eeb9ba38b/go.mod h1:T4rEHsNyAhYf1KqYGc2qyk4XrC0qQY7PY31XV8AUeUc=
github.com/Skarlso/intcode v0.0.0-20191213200319-822cfdd47dc7 h1:CQRWQjmcx5ZAS+ZUwg7uzlvpNImbmR0Veps8yB1IoTQ=
github.com/Skarlso/intcode v0.0.0-20191213200319-822cfdd47dc7/go.mod h1:T4rEHsNyAhYf1KqYGc2qyk4XrC0qQY7PY31XV8AUeUc=
github.com/Skarlso/intcode v0.0.0-20191213201029-d973b10d1020 h1:GYnOLI1O2DK0k/L/VjdoINkN09Pp8ei+PnpwXzTiYgI=
github.com/Skarlso/intcode v0.0.0-20191213201029-d973b10d1020/go.mod h1:T4rEHsNyAhYf1KqYGc2qyk4XrC0qQY7PY31XV8AUeUc=
