github.com/Skarlso/intcode v0.0.0-20191213211728-0717e312c406 h1:+POJSrIYlFArkc6u3os1mgbYrFplpvmBnkYFVKNb0+U=
github.com/Skarlso/intcode v0.0.0-20191213211728-0717e312c406/go.mod h1:T4rEHsNyAhYf1KqYGc2qyk4XrC0qQY7PY31XV8AUeUc=
github.com/Skarlso/intcode v0.0.0-20191213212756-7f9169d6145f h1:GH65iHhHIwFDzkkmNhRNt9TRnEBDS3TrB9r6Oza9OSs=
github.com/Skarlso/intcode v0.0.0-20191213212756-7f9169d6145f/go.mod h1:T4rEHsNyAhYf1KqYGc2qyk4XrC0qQY7PY31XV8AUeUc=
